
Microsoft Visual Studio Solution File, Format Version 12.00
# Visual Studio Version 16
VisualStudioVersion = 16.0.32126.315
MinimumVisualStudioVersion = 10.0.40219.1
Project("{FAE04EC0-301F-11D3-BF4B-00C04F79EFBC}") = "QLVT.API", "QLVT.API\QLVT.API.csproj", "{B4107159-2DA2-403E-A50B-9AEB53C5EE6D}"
EndProject
Project("{FAE04EC0-301F-11D3-BF4B-00C04F79EFBC}") = "QLVT.Data", "QLVT.Data\QLVT.Data.csproj", "{BA8B0FEC-5300-443A-8BE3-002B5976228E}"
EndProject
Global
	GlobalSection(SolutionConfigurationPlatforms) = preSolution
		Debug|Any CPU = Debug|Any CPU
		Release|Any CPU = Release|Any CPU
	EndGlobalSection
	GlobalSection(ProjectConfigurationPlatforms) = postSolution
		{B4107159-2DA2-403E-A50B-9AEB53C5EE6D}.Debug|Any CPU.ActiveCfg = Debug|Any CPU
		{B4107159-2DA2-403E-A50B-9AEB53C5EE6D}.Debug|Any CPU.Build.0 = Debug|Any CPU
		{B4107159-2DA2-403E-A50B-9AEB53C5EE6D}.Release|Any CPU.ActiveCfg = Release|Any CPU
		{B4107159-2DA2-403E-A50B-9AEB53C5EE6D}.Release|Any CPU.Build.0 = Release|Any CPU
		{BA8B0FEC-5300-443A-8BE3-002B5976228E}.Debug|Any CPU.ActiveCfg = Debug|Any CPU
		{BA8B0FEC-5300-443A-8BE3-002B5976228E}.Debug|Any CPU.Build.0 = Debug|Any CPU
		{BA8B0FEC-5300-443A-8BE3-002B5976228E}.Release|Any CPU.ActiveCfg = Release|Any CPU
		{BA8B0FEC-5300-443A-8BE3-002B5976228E}.Release|Any CPU.Build.0 = Release|Any CPU
	EndGlobalSection
	GlobalSection(SolutionProperties) = preSolution
		HideSolutionNode = FALSE
	EndGlobalSection
	GlobalSection(ExtensibilityGlobals) = postSolution
		SolutionGuid = {E6F9E7EA-74DB-44A3-A1DC-CA85C63BF559}
	EndGlobalSection
EndGlobal
